
Microsoft Visual Studio Solution File, Format Version 12.00
# Visual Studio Version 16
VisualStudioVersion = 16.0.30011.22
MinimumVisualStudioVersion = 10.0.40219.1
Project("{9A19103F-16F7-4668-BE54-9A1E7A4F7556}") = "VisiTour.WebAPI", "VisiTour.WebAPI\VisiTour.WebAPI.csproj", "{2EC04F0C-AB3A-4B90-A3F9-20C5F86A2540}"
EndProject
Project("{9A19103F-16F7-4668-BE54-9A1E7A4F7556}") = "VisiTour.Model", "VisiTour.Model\VisiTour.Model.csproj", "{5E6903AD-2952-452E-9BF8-606E61673665}"
EndProject
Project("{2150E333-8FDC-42A3-9474-1A3956D46DE8}") = "WinUI", "WinUI", "{39993F8A-5B40-49AF-9DE0-DF7B7F6413BD}"
EndProject
Project("{FAE04EC0-301F-11D3-BF4B-00C04F79EFBC}") = "VisiTour.WinUI", "VisiTour.WinUI\VisiTour.WinUI.csproj", "{EF9D2466-204C-42DE-BFC4-4523D8C57CEB}"
EndProject
Project("{2150E333-8FDC-42A3-9474-1A3956D46DE8}") = "Mobile", "Mobile", "{BC67FEE4-9A4E-4ED3-AEDD-3167ACBE3F55}"
EndProject
Project("{FAE04EC0-301F-11D3-BF4B-00C04F79EFBC}") = "VisiTour.Mobile.UWP", "VisiTour.Mobile\VisiTour.Mobile.UWP\VisiTour.Mobile.UWP.csproj", "{5518262C-FCC0-48C3-AF9F-C347F378789F}"
EndProject
Project("{FAE04EC0-301F-11D3-BF4B-00C04F79EFBC}") = "VisiTour.Mobile.Android", "VisiTour.Mobile\VisiTour.Mobile.Android\VisiTour.Mobile.Android.csproj", "{00D2C9C7-53ED-4EB5-AE59-1EE853405EA8}"
EndProject
Project("{FAE04EC0-301F-11D3-BF4B-00C04F79EFBC}") = "VisiTour.Mobile.iOS", "VisiTour.Mobile\VisiTour.Mobile.iOS\VisiTour.Mobile.iOS.csproj", "{D1681DD3-D858-46AB-B05F-59D00C696140}"
EndProject
Project("{9A19103F-16F7-4668-BE54-9A1E7A4F7556}") = "VisiTour.Mobile", "VisiTour.Mobile\VisiTour.Mobile\VisiTour.Mobile.csproj", "{5BEADD24-26A7-4A7F-9C59-2ACB0F19FAF5}"
EndProject
Global
	GlobalSection(SolutionConfigurationPlatforms) = preSolution
		Debug|Any CPU = Debug|Any CPU
		Debug|ARM = Debug|ARM
		Debug|iPhone = Debug|iPhone
		Debug|iPhoneSimulator = Debug|iPhoneSimulator
		Debug|x64 = Debug|x64
		Debug|x86 = Debug|x86
		Release|Any CPU = Release|Any CPU
		Release|ARM = Release|ARM
		Release|iPhone = Release|iPhone
		Release|iPhoneSimulator = Release|iPhoneSimulator
		Release|x64 = Release|x64
		Release|x86 = Release|x86
	EndGlobalSection
	GlobalSection(ProjectConfigurationPlatforms) = postSolution
		{2EC04F0C-AB3A-4B90-A3F9-20C5F86A2540}.Debug|Any CPU.ActiveCfg = Debug|Any CPU
		{2EC04F0C-AB3A-4B90-A3F9-20C5F86A2540}.Debug|Any CPU.Build.0 = Debug|Any CPU
		{2EC04F0C-AB3A-4B90-A3F9-20C5F86A2540}.Debug|ARM.ActiveCfg = Debug|Any CPU
		{2EC04F0C-AB3A-4B90-A3F9-20C5F86A2540}.Debug|ARM.Build.0 = Debug|Any CPU
		{2EC04F0C-AB3A-4B90-A3F9-20C5F86A2540}.Debug|iPhone.ActiveCfg = Debug|Any CPU
		{2EC04F0C-AB3A-4B90-A3F9-20C5F86A2540}.Debug|iPhone.Build.0 = Debug|Any CPU
		{2EC04F0C-AB3A-4B90-A3F9-20C5F86A2540}.Debug|iPhoneSimulator.ActiveCfg = Debug|Any CPU
		{2EC04F0C-AB3A-4B90-A3F9-20C5F86A2540}.Debug|iPhoneSimulator.Build.0 = Debug|Any CPU
		{2EC04F0C-AB3A-4B90-A3F9-20C5F86A2540}.Debug|x64.ActiveCfg = Debug|Any CPU
		{2EC04F0C-AB3A-4B90-A3F9-20C5F86A2540}.Debug|x64.Build.0 = Debug|Any CPU
		{2EC04F0C-AB3A-4B90-A3F9-20C5F86A2540}.Debug|x86.ActiveCfg = Debug|Any CPU
		{2EC04F0C-AB3A-4B90-A3F9-20C5F86A2540}.Debug|x86.Build.0 = Debug|Any CPU
		{2EC04F0C-AB3A-4B90-A3F9-20C5F86A2540}.Release|Any CPU.ActiveCfg = Release|Any CPU
		{2EC04F0C-AB3A-4B90-A3F9-20C5F86A2540}.Release|Any CPU.Build.0 = Release|Any CPU
		{2EC04F0C-AB3A-4B90-A3F9-20C5F86A2540}.Release|ARM.ActiveCfg = Release|Any CPU
		{2EC04F0C-AB3A-4B90-A3F9-20C5F86A2540}.Release|ARM.Build.0 = Release|Any CPU
		{2EC04F0C-AB3A-4B90-A3F9-20C5F86A2540}.Release|iPhone.ActiveCfg = Release|Any CPU
		{2EC04F0C-AB3A-4B90-A3F9-20C5F86A2540}.Release|iPhone.Build.0 = Release|Any CPU
		{2EC04F0C-AB3A-4B90-A3F9-20C5F86A2540}.Release|iPhoneSimulator.ActiveCfg = Release|Any CPU
		{2EC04F0C-AB3A-4B90-A3F9-20C5F86A2540}.Release|iPhoneSimulator.Build.0 = Release|Any CPU
		{2EC04F0C-AB3A-4B90-A3F9-20C5F86A2540}.Release|x64.ActiveCfg = Release|Any CPU
		{2EC04F0C-AB3A-4B90-A3F9-20C5F86A2540}.Release|x64.Build.0 = Release|Any CPU
		{2EC04F0C-AB3A-4B90-A3F9-20C5F86A2540}.Release|x86.ActiveCfg = Release|Any CPU
		{2EC04F0C-AB3A-4B90-A3F9-20C5F86A2540}.Release|x86.Build.0 = Release|Any CPU
		{5E6903AD-2952-452E-9BF8-606E61673665}.Debug|Any CPU.ActiveCfg = Debug|Any CPU
		{5E6903AD-2952-452E-9BF8-606E61673665}.Debug|Any CPU.Build.0 = Debug|Any CPU
		{5E6903AD-2952-452E-9BF8-606E61673665}.Debug|ARM.ActiveCfg = Debug|Any CPU
		{5E6903AD-2952-452E-9BF8-606E61673665}.Debug|ARM.Build.0 = Debug|Any CPU
		{5E6903AD-2952-452E-9BF8-606E61673665}.Debug|iPhone.ActiveCfg = Debug|Any CPU
		{5E6903AD-2952-452E-9BF8-606E61673665}.Debug|iPhone.Build.0 = Debug|Any CPU
		{5E6903AD-2952-452E-9BF8-606E61673665}.Debug|iPhoneSimulator.ActiveCfg = Debug|Any CPU
		{5E6903AD-2952-452E-9BF8-606E61673665}.Debug|iPhoneSimulator.Build.0 = Debug|Any CPU
		{5E6903AD-2952-452E-9BF8-606E61673665}.Debug|x64.ActiveCfg = Debug|Any CPU
		{5E6903AD-2952-452E-9BF8-606E61673665}.Debug|x64.Build.0 = Debug|Any CPU
		{5E6903AD-2952-452E-9BF8-606E61673665}.Debug|x86.ActiveCfg = Debug|Any CPU
		{5E6903AD-2952-452E-9BF8-606E61673665}.Debug|x86.Build.0 = Debug|Any CPU
		{5E6903AD-2952-452E-9BF8-606E61673665}.Release|Any CPU.ActiveCfg = Release|Any CPU
		{5E6903AD-2952-452E-9BF8-606E61673665}.Release|Any CPU.Build.0 = Release|Any CPU
		{5E6903AD-2952-452E-9BF8-606E61673665}.Release|ARM.ActiveCfg = Release|Any CPU
		{5E6903AD-2952-452E-9BF8-606E61673665}.Release|ARM.Build.0 = Release|Any CPU
		{5E6903AD-2952-452E-9BF8-606E61673665}.Release|iPhone.ActiveCfg = Release|Any CPU
		{5E6903AD-2952-452E-9BF8-606E61673665}.Release|iPhone.Build.0 = Release|Any CPU
		{5E6903AD-2952-452E-9BF8-606E61673665}.Release|iPhoneSimulator.ActiveCfg = Release|Any CPU
		{5E6903AD-2952-452E-9BF8-606E61673665}.Release|iPhoneSimulator.Build.0 = Release|Any CPU
		{5E6903AD-2952-452E-9BF8-606E61673665}.Release|x64.ActiveCfg = Release|Any CPU
		{5E6903AD-2952-452E-9BF8-606E61673665}.Release|x64.Build.0 = Release|Any CPU
		{5E6903AD-2952-452E-9BF8-606E61673665}.Release|x86.ActiveCfg = Release|Any CPU
		{5E6903AD-2952-452E-9BF8-606E61673665}.Release|x86.Build.0 = Release|Any CPU
		{EF9D2466-204C-42DE-BFC4-4523D8C57CEB}.Debug|Any CPU.ActiveCfg = Debug|Any CPU
		{EF9D2466-204C-42DE-BFC4-4523D8C57CEB}.Debug|Any CPU.Build.0 = Debug|Any CPU
		{EF9D2466-204C-42DE-BFC4-4523D8C57CEB}.Debug|ARM.ActiveCfg = Debug|Any CPU
		{EF9D2466-204C-42DE-BFC4-4523D8C57CEB}.Debug|ARM.Build.0 = Debug|Any CPU
		{EF9D2466-204C-42DE-BFC4-4523D8C57CEB}.Debug|iPhone.ActiveCfg = Debug|Any CPU
		{EF9D2466-204C-42DE-BFC4-4523D8C57CEB}.Debug|iPhone.Build.0 = Debug|Any CPU
		{EF9D2466-204C-42DE-BFC4-4523D8C57CEB}.Debug|iPhoneSimulator.ActiveCfg = Debug|Any CPU
		{EF9D2466-204C-42DE-BFC4-4523D8C57CEB}.Debug|iPhoneSimulator.Build.0 = Debug|Any CPU
		{EF9D2466-204C-42DE-BFC4-4523D8C57CEB}.Debug|x64.ActiveCfg = Debug|Any CPU
		{EF9D2466-204C-42DE-BFC4-4523D8C57CEB}.Debug|x64.Build.0 = Debug|Any CPU
		{EF9D2466-204C-42DE-BFC4-4523D8C57CEB}.Debug|x86.ActiveCfg = Debug|Any CPU
		{EF9D2466-204C-42DE-BFC4-4523D8C57CEB}.Debug|x86.Build.0 = Debug|Any CPU
		{EF9D2466-204C-42DE-BFC4-4523D8C57CEB}.Release|Any CPU.ActiveCfg = Release|Any CPU
		{EF9D2466-204C-42DE-BFC4-4523D8C57CEB}.Release|Any CPU.Build.0 = Release|Any CPU
		{EF9D2466-204C-42DE-BFC4-4523D8C57CEB}.Release|ARM.ActiveCfg = Release|Any CPU
		{EF9D2466-204C-42DE-BFC4-4523D8C57CEB}.Release|ARM.Build.0 = Release|Any CPU
		{EF9D2466-204C-42DE-BFC4-4523D8C57CEB}.Release|iPhone.ActiveCfg = Release|Any CPU
		{EF9D2466-204C-42DE-BFC4-4523D8C57CEB}.Release|iPhone.Build.0 = Release|Any CPU
		{EF9D2466-204C-42DE-BFC4-4523D8C57CEB}.Release|iPhoneSimulator.ActiveCfg = Release|Any CPU
		{EF9D2466-204C-42DE-BFC4-4523D8C57CEB}.Release|iPhoneSimulator.Build.0 = Release|Any CPU
		{EF9D2466-204C-42DE-BFC4-4523D8C57CEB}.Release|x64.ActiveCfg = Release|Any CPU
		{EF9D2466-204C-42DE-BFC4-4523D8C57CEB}.Release|x64.Build.0 = Release|Any CPU
		{EF9D2466-204C-42DE-BFC4-4523D8C57CEB}.Release|x86.ActiveCfg = Release|Any CPU
		{EF9D2466-204C-42DE-BFC4-4523D8C57CEB}.Release|x86.Build.0 = Release|Any CPU
		{5518262C-FCC0-48C3-AF9F-C347F378789F}.Debug|Any CPU.ActiveCfg = Debug|x86
		{5518262C-FCC0-48C3-AF9F-C347F378789F}.Debug|ARM.ActiveCfg = Debug|ARM
		{5518262C-FCC0-48C3-AF9F-C347F378789F}.Debug|ARM.Build.0 = Debug|ARM
		{5518262C-FCC0-48C3-AF9F-C347F378789F}.Debug|ARM.Deploy.0 = Debug|ARM
		{5518262C-FCC0-48C3-AF9F-C347F378789F}.Debug|iPhone.ActiveCfg = Debug|x86
		{5518262C-FCC0-48C3-AF9F-C347F378789F}.Debug|iPhoneSimulator.ActiveCfg = Debug|x86
		{5518262C-FCC0-48C3-AF9F-C347F378789F}.Debug|x64.ActiveCfg = Debug|x64
		{5518262C-FCC0-48C3-AF9F-C347F378789F}.Debug|x64.Build.0 = Debug|x64
		{5518262C-FCC0-48C3-AF9F-C347F378789F}.Debug|x64.Deploy.0 = Debug|x64
		{5518262C-FCC0-48C3-AF9F-C347F378789F}.Debug|x86.ActiveCfg = Debug|x86
		{5518262C-FCC0-48C3-AF9F-C347F378789F}.Debug|x86.Build.0 = Debug|x86
		{5518262C-FCC0-48C3-AF9F-C347F378789F}.Debug|x86.Deploy.0 = Debug|x86
		{5518262C-FCC0-48C3-AF9F-C347F378789F}.Release|Any CPU.ActiveCfg = Release|x86
		{5518262C-FCC0-48C3-AF9F-C347F378789F}.Release|ARM.ActiveCfg = Release|ARM
		{5518262C-FCC0-48C3-AF9F-C347F378789F}.Release|ARM.Build.0 = Release|ARM
		{5518262C-FCC0-48C3-AF9F-C347F378789F}.Release|ARM.Deploy.0 = Release|ARM
		{5518262C-FCC0-48C3-AF9F-C347F378789F}.Release|iPhone.ActiveCfg = Release|x86
		{5518262C-FCC0-48C3-AF9F-C347F378789F}.Release|iPhoneSimulator.ActiveCfg = Release|x86
		{5518262C-FCC0-48C3-AF9F-C347F378789F}.Release|x64.ActiveCfg = Release|x64
		{5518262C-FCC0-48C3-AF9F-C347F378789F}.Release|x64.Build.0 = Release|x64
		{5518262C-FCC0-48C3-AF9F-C347F378789F}.Release|x64.Deploy.0 = Release|x64
		{5518262C-FCC0-48C3-AF9F-C347F378789F}.Release|x86.ActiveCfg = Release|x86
		{5518262C-FCC0-48C3-AF9F-C347F378789F}.Release|x86.Build.0 = Release|x86
		{5518262C-FCC0-48C3-AF9F-C347F378789F}.Release|x86.Deploy.0 = Release|x86
		{00D2C9C7-53ED-4EB5-AE59-1EE853405EA8}.Debug|Any CPU.ActiveCfg = Debug|Any CPU
		{00D2C9C7-53ED-4EB5-AE59-1EE853405EA8}.Debug|Any CPU.Build.0 = Debug|Any CPU
		{00D2C9C7-53ED-4EB5-AE59-1EE853405EA8}.Debug|Any CPU.Deploy.0 = Debug|Any CPU
		{00D2C9C7-53ED-4EB5-AE59-1EE853405EA8}.Debug|ARM.ActiveCfg = Debug|Any CPU
		{00D2C9C7-53ED-4EB5-AE59-1EE853405EA8}.Debug|ARM.Build.0 = Debug|Any CPU
		{00D2C9C7-53ED-4EB5-AE59-1EE853405EA8}.Debug|ARM.Deploy.0 = Debug|Any CPU
		{00D2C9C7-53ED-4EB5-AE59-1EE853405EA8}.Debug|iPhone.ActiveCfg = Debug|Any CPU
		{00D2C9C7-53ED-4EB5-AE59-1EE853405EA8}.Debug|iPhone.Build.0 = Debug|Any CPU
		{00D2C9C7-53ED-4EB5-AE59-1EE853405EA8}.Debug|iPhone.Deploy.0 = Debug|Any CPU
		{00D2C9C7-53ED-4EB5-AE59-1EE853405EA8}.Debug|iPhoneSimulator.ActiveCfg = Debug|Any CPU
		{00D2C9C7-53ED-4EB5-AE59-1EE853405EA8}.Debug|iPhoneSimulator.Build.0 = Debug|Any CPU
		{00D2C9C7-53ED-4EB5-AE59-1EE853405EA8}.Debug|iPhoneSimulator.Deploy.0 = Debug|Any CPU
		{00D2C9C7-53ED-4EB5-AE59-1EE853405EA8}.Debug|x64.ActiveCfg = Debug|Any CPU
		{00D2C9C7-53ED-4EB5-AE59-1EE853405EA8}.Debug|x64.Build.0 = Debug|Any CPU
		{00D2C9C7-53ED-4EB5-AE59-1EE853405EA8}.Debug|x64.Deploy.0 = Debug|Any CPU
		{00D2C9C7-53ED-4EB5-AE59-1EE853405EA8}.Debug|x86.ActiveCfg = Debug|Any CPU
		{00D2C9C7-53ED-4EB5-AE59-1EE853405EA8}.Debug|x86.Build.0 = Debug|Any CPU
		{00D2C9C7-53ED-4EB5-AE59-1EE853405EA8}.Debug|x86.Deploy.0 = Debug|Any CPU
		{00D2C9C7-53ED-4EB5-AE59-1EE853405EA8}.Release|Any CPU.ActiveCfg = Release|Any CPU
		{00D2C9C7-53ED-4EB5-AE59-1EE853405EA8}.Release|Any CPU.Build.0 = Release|Any CPU
		{00D2C9C7-53ED-4EB5-AE59-1EE853405EA8}.Release|Any CPU.Deploy.0 = Release|Any CPU
		{00D2C9C7-53ED-4EB5-AE59-1EE853405EA8}.Release|ARM.ActiveCfg = Release|Any CPU
		{00D2C9C7-53ED-4EB5-AE59-1EE853405EA8}.Release|ARM.Build.0 = Release|Any CPU
		{00D2C9C7-53ED-4EB5-AE59-1EE853405EA8}.Release|ARM.Deploy.0 = Release|Any CPU
		{00D2C9C7-53ED-4EB5-AE59-1EE853405EA8}.Release|iPhone.ActiveCfg = Release|Any CPU
		{00D2C9C7-53ED-4EB5-AE59-1EE853405EA8}.Release|iPhone.Build.0 = Release|Any CPU
		{00D2C9C7-53ED-4EB5-AE59-1EE853405EA8}.Release|iPhone.Deploy.0 = Release|Any CPU
		{00D2C9C7-53ED-4EB5-AE59-1EE853405EA8}.Release|iPhoneSimulator.ActiveCfg = Release|Any CPU
		{00D2C9C7-53ED-4EB5-AE59-1EE853405EA8}.Release|iPhoneSimulator.Build.0 = Release|Any CPU
		{00D2C9C7-53ED-4EB5-AE59-1EE853405EA8}.Release|iPhoneSimulator.Deploy.0 = Release|Any CPU
		{00D2C9C7-53ED-4EB5-AE59-1EE853405EA8}.Release|x64.ActiveCfg = Release|Any CPU
		{00D2C9C7-53ED-4EB5-AE59-1EE853405EA8}.Release|x64.Build.0 = Release|Any CPU
		{00D2C9C7-53ED-4EB5-AE59-1EE853405EA8}.Release|x64.Deploy.0 = Release|Any CPU
		{00D2C9C7-53ED-4EB5-AE59-1EE853405EA8}.Release|x86.ActiveCfg = Release|Any CPU
		{00D2C9C7-53ED-4EB5-AE59-1EE853405EA8}.Release|x86.Build.0 = Release|Any CPU
		{00D2C9C7-53ED-4EB5-AE59-1EE853405EA8}.Release|x86.Deploy.0 = Release|Any CPU
		{D1681DD3-D858-46AB-B05F-59D00C696140}.Debug|Any CPU.ActiveCfg = Debug|iPhone
		{D1681DD3-D858-46AB-B05F-59D00C696140}.Debug|ARM.ActiveCfg = Debug|iPhone
		{D1681DD3-D858-46AB-B05F-59D00C696140}.Debug|iPhone.ActiveCfg = Debug|iPhone
		{D1681DD3-D858-46AB-B05F-59D00C696140}.Debug|iPhone.Build.0 = Debug|iPhone
		{D1681DD3-D858-46AB-B05F-59D00C696140}.Debug|iPhoneSimulator.ActiveCfg = Debug|iPhoneSimulator
		{D1681DD3-D858-46AB-B05F-59D00C696140}.Debug|iPhoneSimulator.Build.0 = Debug|iPhoneSimulator
		{D1681DD3-D858-46AB-B05F-59D00C696140}.Debug|x64.ActiveCfg = Debug|iPhone
		{D1681DD3-D858-46AB-B05F-59D00C696140}.Debug|x86.ActiveCfg = Debug|iPhone
		{D1681DD3-D858-46AB-B05F-59D00C696140}.Release|Any CPU.ActiveCfg = Release|iPhone
		{D1681DD3-D858-46AB-B05F-59D00C696140}.Release|ARM.ActiveCfg = Release|iPhone
		{D1681DD3-D858-46AB-B05F-59D00C696140}.Release|iPhone.ActiveCfg = Release|iPhone
		{D1681DD3-D858-46AB-B05F-59D00C696140}.Release|iPhone.Build.0 = Release|iPhone
		{D1681DD3-D858-46AB-B05F-59D00C696140}.Release|iPhoneSimulator.ActiveCfg = Release|iPhoneSimulator
		{D1681DD3-D858-46AB-B05F-59D00C696140}.Release|iPhoneSimulator.Build.0 = Release|iPhoneSimulator
		{D1681DD3-D858-46AB-B05F-59D00C696140}.Release|x64.ActiveCfg = Release|iPhone
		{D1681DD3-D858-46AB-B05F-59D00C696140}.Release|x86.ActiveCfg = Release|iPhone
		{5BEADD24-26A7-4A7F-9C59-2ACB0F19FAF5}.Debug|Any CPU.ActiveCfg = Debug|Any CPU
		{5BEADD24-26A7-4A7F-9C59-2ACB0F19FAF5}.Debug|Any CPU.Build.0 = Debug|Any CPU
		{5BEADD24-26A7-4A7F-9C59-2ACB0F19FAF5}.Debug|ARM.ActiveCfg = Debug|Any CPU
		{5BEADD24-26A7-4A7F-9C59-2ACB0F19FAF5}.Debug|ARM.Build.0 = Debug|Any CPU
		{5BEADD24-26A7-4A7F-9C59-2ACB0F19FAF5}.Debug|iPhone.ActiveCfg = Debug|Any CPU
		{5BEADD24-26A7-4A7F-9C59-2ACB0F19FAF5}.Debug|iPhone.Build.0 = Debug|Any CPU
		{5BEADD24-26A7-4A7F-9C59-2ACB0F19FAF5}.Debug|iPhoneSimulator.ActiveCfg = Debug|Any CPU
		{5BEADD24-26A7-4A7F-9C59-2ACB0F19FAF5}.Debug|iPhoneSimulator.Build.0 = Debug|Any CPU
		{5BEADD24-26A7-4A7F-9C59-2ACB0F19FAF5}.Debug|x64.ActiveCfg = Debug|Any CPU
		{5BEADD24-26A7-4A7F-9C59-2ACB0F19FAF5}.Debug|x64.Build.0 = Debug|Any CPU
		{5BEADD24-26A7-4A7F-9C59-2ACB0F19FAF5}.Debug|x86.ActiveCfg = Debug|Any CPU
		{5BEADD24-26A7-4A7F-9C59-2ACB0F19FAF5}.Debug|x86.Build.0 = Debug|Any CPU
		{5BEADD24-26A7-4A7F-9C59-2ACB0F19FAF5}.Release|Any CPU.ActiveCfg = Release|Any CPU
		{5BEADD24-26A7-4A7F-9C59-2ACB0F19FAF5}.Release|Any CPU.Build.0 = Release|Any CPU
		{5BEADD24-26A7-4A7F-9C59-2ACB0F19FAF5}.Release|ARM.ActiveCfg = Release|Any CPU
		{5BEADD24-26A7-4A7F-9C59-2ACB0F19FAF5}.Release|ARM.Build.0 = Release|Any CPU
		{5BEADD24-26A7-4A7F-9C59-2ACB0F19FAF5}.Release|iPhone.ActiveCfg = Release|Any CPU
		{5BEADD24-26A7-4A7F-9C59-2ACB0F19FAF5}.Release|iPhone.Build.0 = Release|Any CPU
		{5BEADD24-26A7-4A7F-9C59-2ACB0F19FAF5}.Release|iPhoneSimulator.ActiveCfg = Release|Any CPU
		{5BEADD24-26A7-4A7F-9C59-2ACB0F19FAF5}.Release|iPhoneSimulator.Build.0 = Release|Any CPU
		{5BEADD24-26A7-4A7F-9C59-2ACB0F19FAF5}.Release|x64.ActiveCfg = Release|Any CPU
		{5BEADD24-26A7-4A7F-9C59-2ACB0F19FAF5}.Release|x64.Build.0 = Release|Any CPU
		{5BEADD24-26A7-4A7F-9C59-2ACB0F19FAF5}.Release|x86.ActiveCfg = Release|Any CPU
		{5BEADD24-26A7-4A7F-9C59-2ACB0F19FAF5}.Release|x86.Build.0 = Release|Any CPU
	EndGlobalSection
	GlobalSection(SolutionProperties) = preSolution
		HideSolutionNode = FALSE
	EndGlobalSection
	GlobalSection(NestedProjects) = preSolution
		{EF9D2466-204C-42DE-BFC4-4523D8C57CEB} = {39993F8A-5B40-49AF-9DE0-DF7B7F6413BD}
		{5518262C-FCC0-48C3-AF9F-C347F378789F} = {BC67FEE4-9A4E-4ED3-AEDD-3167ACBE3F55}
		{00D2C9C7-53ED-4EB5-AE59-1EE853405EA8} = {BC67FEE4-9A4E-4ED3-AEDD-3167ACBE3F55}
		{D1681DD3-D858-46AB-B05F-59D00C696140} = {BC67FEE4-9A4E-4ED3-AEDD-3167ACBE3F55}
		{5BEADD24-26A7-4A7F-9C59-2ACB0F19FAF5} = {BC67FEE4-9A4E-4ED3-AEDD-3167ACBE3F55}
	EndGlobalSection
	GlobalSection(ExtensibilityGlobals) = postSolution
		SolutionGuid = {8590F39B-B5D4-4471-B544-297BE25897D8}
	EndGlobalSection
EndGlobal
